
Microsoft Visual Studio Solution File, Format Version 12.00
# Visual Studio Version 16
VisualStudioVersion = 16.0.31515.178
MinimumVisualStudioVersion = 10.0.40219.1
Project("{FAE04EC0-301F-11D3-BF4B-00C04F79EFBC}") = "AdminForm", "AdminForm\AdminForm.csproj", "{EDF1D966-1E17-49D2-BBC1-4AEA6EA34D65}"
EndProject
Global
	GlobalSection(SolutionConfigurationPlatforms) = preSolution
		Debug|Any CPU = Debug|Any CPU
		Release|Any CPU = Release|Any CPU
	EndGlobalSection
	GlobalSection(ProjectConfigurationPlatforms) = postSolution
		{EDF1D966-1E17-49D2-BBC1-4AEA6EA34D65}.Debug|Any CPU.ActiveCfg = Debug|Any CPU
		{EDF1D966-1E17-49D2-BBC1-4AEA6EA34D65}.Debug|Any CPU.Build.0 = Debug|Any CPU
		{EDF1D966-1E17-49D2-BBC1-4AEA6EA34D65}.Release|Any CPU.ActiveCfg = Release|Any CPU
		{EDF1D966-1E17-49D2-BBC1-4AEA6EA34D65}.Release|Any CPU.Build.0 = Release|Any CPU
	EndGlobalSection
	GlobalSection(SolutionProperties) = preSolution
		HideSolutionNode = FALSE
	EndGlobalSection
	GlobalSection(ExtensibilityGlobals) = postSolution
		SolutionGuid = {B210DE95-FA62-4E0B-9AC6-6531C9A0043B}
	EndGlobalSection
EndGlobal
